
Microsoft Visual Studio Solution File, Format Version 12.00
# Visual Studio 15
VisualStudioVersion = 15.0.27428.2037
MinimumVisualStudioVersion = 10.0.40219.1
Project("{FAE04EC0-301F-11D3-BF4B-00C04F79EFBC}") = "WebApplication3", "WebApplication3\WebApplication3.csproj", "{14B79C6C-3D7C-4A65-932C-63472B0F45B0}"
EndProject
Global
	GlobalSection(SolutionConfigurationPlatforms) = preSolution
		Debug|Any CPU = Debug|Any CPU
		Release|Any CPU = Release|Any CPU
	EndGlobalSection
	GlobalSection(ProjectConfigurationPlatforms) = postSolution
		{14B79C6C-3D7C-4A65-932C-63472B0F45B0}.Debug|Any CPU.ActiveCfg = Debug|Any CPU
		{14B79C6C-3D7C-4A65-932C-63472B0F45B0}.Debug|Any CPU.Build.0 = Debug|Any CPU
		{14B79C6C-3D7C-4A65-932C-63472B0F45B0}.Release|Any CPU.ActiveCfg = Release|Any CPU
		{14B79C6C-3D7C-4A65-932C-63472B0F45B0}.Release|Any CPU.Build.0 = Release|Any CPU
	EndGlobalSection
	GlobalSection(SolutionProperties) = preSolution
		HideSolutionNode = FALSE
	EndGlobalSection
	GlobalSection(ExtensibilityGlobals) = postSolution
		SolutionGuid = {54150299-B3E0-4E77-875B-8163C445C0B0}
	EndGlobalSection
EndGlobal
